<?xml version="1.0"?>
<SlnX searchPath="$(slnx)" packagesPath="C:\Nugetcache">
    <env name="NUGET_ORG_URL">https://api.nuget.org/v3/index.json</env>
    <env name="MY_VAR">%NUGET_ORG_URL%</env>
    
    <nuget>
        <targetConfig>Debug</targetConfig>
        <info>
            <description>Test</description>
            <authors>Giona Imperatori</authors>
            <projectUrl>https://github.com/igiona/nugetclienthelper</projectUrl>
            <tags>Test</tags>
            <requireLicenseAcceptance>true</requireLicenseAcceptance>
            <license type="expression">MIT</license>
        </info>
    </nuget>   
    
    <package id="Newtonsoft.Json" version="13.0.1" source="%NUGET_ORG_URL%" />
    <package id="NuGet.Common" version="6.0.0" source="%NUGET_ORG_URL%" />
    <package id="NuGet.Packaging" version="6.0.0" source="%NUGET_ORG_URL%" />
    <package id="NuGet.Versioning" version="6.0.0" source="%NUGET_ORG_URL%" />

    <!-- Projects -->
    <project name="TestApp.Lib" />
    <project name="TestApp.Lib.Test" />

    <project name="TestApp.UiUnformattedProj" container="Ui">
        <ref>NuGet.Common</ref>
        <ref>NuGet.Packaging</ref>
    </project>
</SlnX>
