Microsoft Visual Studio Solution File, Format Version 12.00
# Visual Studio Version 16
$#$VisualStudioVersion = .*
$#$MinimumVisualStudioVersion = .*
$#$Project\("\{FAE04EC0-301F-11D3-BF4B-00C04F79EFBC\}"\) = "TestApp\.Lib", .*\\Test\\Stimuli\\TestApp\\Lib\\TestApp\.Lib\.csproj", "\{.*\}"
EndProject
$#$Project\("\{FAE04EC0-301F-11D3-BF4B-00C04F79EFBC\}"\) = "TestApp\.Lib\.Test", .*\\Test\\Stimuli\\TestApp\\Lib\\Test\\TestApp\.Lib\.Test\.csproj", "\{.*\}"
EndProject
$#$Project\("\{2150E333-8FDC-42A3-9474-1A3956D46DE8\}"\) = "Test", "Test", "\{.*\}"
EndProject
$#$Project\("\{FAE04EC0-301F-11D3-BF4B-00C04F79EFBC\}"\) = "TestApp\.UiUnformattedProj", .*\\Test\\Stimuli\\TestApp\\Ui\\TestApp\.UiUnformattedProj\.csproj", "\{.*\}"
EndProject
$#$Project\("\{2150E333-8FDC-42A3-9474-1A3956D46DE8\}"\) = "Ui", "Ui", "\{.*\}"
EndProject
Global
	GlobalSection(SolutionConfigurationPlatforms) = preSolution
		Debug|Any CPU = Debug|Any CPU
		Debug|Mixed Platforms = Debug|Mixed Platforms
		Debug|x86 = Debug|x86
		Release|Any CPU = Release|Any CPU
		Release|Mixed Platforms = Release|Mixed Platforms
		Release|x86 = Release|x86
	EndGlobalSection
	GlobalSection(ProjectConfigurationPlatforms) = postSolution
$#$		\{.*\}.Debug\|Any CPU\.ActiveCfg = Debug\|Any CPU
$#$		\{.*\}.Debug\|Any CPU\.Build\.0 = Debug\|Any CPU
$#$		\{.*\}.Debug\|Mixed Platforms\.ActiveCfg = Debug\|Any CPU
$#$		\{.*\}.Debug\|Mixed Platforms\.Build\.0 = Debug\|Any CPU
$#$		\{.*\}.Debug\|x86\.ActiveCfg = Debug\|Any CPU
$#$		\{.*\}.Debug\|x86\.Build\.0 = Debug\|Any CPU
$#$		\{.*\}.Release\|Any CPU\.ActiveCfg = Release\|Any CPU
$#$		\{.*\}.Release\|Any CPU\.Build\.0 = Release\|Any CPU
$#$		\{.*\}.Release\|Mixed Platforms\.ActiveCfg = Release\|Any CPU
$#$		\{.*\}.Release\|Mixed Platforms\.Build\.0 = Release\|Any CPU
$#$		\{.*\}.Release\|x86\.ActiveCfg = Release\|Any CPU
$#$		\{.*\}.Release\|x86\.Build\.0 = Release\|Any CPU
$#$		\{.*\}.Debug\|Any CPU\.ActiveCfg = Debug\|Any CPU
$#$		\{.*\}.Debug\|Any CPU\.Build\.0 = Debug\|Any CPU
$#$		\{.*\}.Debug\|Mixed Platforms\.ActiveCfg = Debug\|Any CPU
$#$		\{.*\}.Debug\|Mixed Platforms\.Build\.0 = Debug\|Any CPU
$#$		\{.*\}.Debug\|x86\.ActiveCfg = Debug\|Any CPU
$#$		\{.*\}.Debug\|x86\.Build\.0 = Debug\|Any CPU
$#$		\{.*\}.Release\|Any CPU\.ActiveCfg = Release\|Any CPU
$#$		\{.*\}.Release\|Any CPU\.Build\.0 = Release\|Any CPU
$#$		\{.*\}.Release\|Mixed Platforms\.ActiveCfg = Release\|Any CPU
$#$		\{.*\}.Release\|Mixed Platforms\.Build\.0 = Release\|Any CPU
$#$		\{.*\}.Release\|x86\.ActiveCfg = Release\|Any CPU
$#$		\{.*\}.Release\|x86\.Build\.0 = Release\|Any CPU
$#$		\{.*\}.Debug\|Any CPU\.ActiveCfg = Debug\|Any CPU
$#$		\{.*\}.Debug\|Any CPU\.Build\.0 = Debug\|Any CPU
$#$		\{.*\}.Debug\|Mixed Platforms\.ActiveCfg = Debug\|Any CPU
$#$		\{.*\}.Debug\|Mixed Platforms\.Build\.0 = Debug\|Any CPU
$#$		\{.*\}.Debug\|x86\.ActiveCfg = Debug\|Any CPU
$#$		\{.*\}.Debug\|x86\.Build\.0 = Debug\|Any CPU
$#$		\{.*\}.Release\|Any CPU\.ActiveCfg = Release\|Any CPU
$#$		\{.*\}.Release\|Any CPU\.Build\.0 = Release\|Any CPU
$#$		\{.*\}.Release\|Mixed Platforms\.ActiveCfg = Release\|Any CPU
$#$		\{.*\}.Release\|Mixed Platforms\.Build\.0 = Release\|Any CPU
$#$		\{.*\}.Release\|x86\.ActiveCfg = Release\|Any CPU
$#$		\{.*\}.Release\|x86\.Build\.0 = Release\|Any CPU
	EndGlobalSection
	GlobalSection(SolutionProperties) = preSolution
		HideSolutionNode = FALSE
	EndGlobalSection
	GlobalSection(NestedProjects) = preSolution
$#$		\{.*\} = \{.*\}
$#$		\{.*\} = \{.*\}
	EndGlobalSection
	GlobalSection(ExtensibilityGlobals) = postSolution
$#$		SolutionGuid = \{.*\}
	EndGlobalSection
EndGlobal
